// !$*UTF8*$!
{
	archiveVersion = 1;
	classes = {
	};
	objectVersion = 50;
	objects = {

/* Begin PBXBuildFile section */
		0F21182B2201CD720015245D /* AppDelegate.swift in Sources */ = {isa = PBXBuildFile; fileRef = 0F21182A2201CD720015245D /* AppDelegate.swift */; };
		0F21182D2201CD720015245D /* ViewController.swift in Sources */ = {isa = PBXBuildFile; fileRef = 0F21182C2201CD720015245D /* ViewController.swift */; };
		0F2118302201CD720015245D /* Main.storyboard in Resources */ = {isa = PBXBuildFile; fileRef = 0F21182E2201CD720015245D /* Main.storyboard */; };
		0F2118322201CD760015245D /* Assets.xcassets in Resources */ = {isa = PBXBuildFile; fileRef = 0F2118312201CD760015245D /* Assets.xcassets */; };
		0F2118352201CD760015245D /* LaunchScreen.storyboard in Resources */ = {isa = PBXBuildFile; fileRef = 0F2118332201CD760015245D /* LaunchScreen.storyboard */; };
		0F28002722086EC6009D8EAB /* GoogleService-Info.plist in Resources */ = {isa = PBXBuildFile; fileRef = 0F28002622086EC5009D8EAB /* GoogleService-Info.plist */; };
		0F9B5F2B2208728700444DA2 /* FIRDataObject.swift in Sources */ = {isa = PBXBuildFile; fileRef = 0F9B5F292208728700444DA2 /* FIRDataObject.swift */; };
		0F9B5F2C2208728700444DA2 /* AppInfo.swift in Sources */ = {isa = PBXBuildFile; fileRef = 0F9B5F2A2208728700444DA2 /* AppInfo.swift */; };
		0F9B5F312208734D00444DA2 /* UIImageView+download.swift in Sources */ = {isa = PBXBuildFile; fileRef = 0F9B5F302208734D00444DA2 /* UIImageView+download.swift */; };
		0F9B5F3322087AE100444DA2 /* AppTableViewCell.swift in Sources */ = {isa = PBXBuildFile; fileRef = 0F9B5F3222087AE100444DA2 /* AppTableViewCell.swift */; };
		25C8D86BC9FD8350248EE128 /* Pods_CompletionProject.framework in Frameworks */ = {isa = PBXBuildFile; fileRef = 5CC8B69B180A162E1F45BDBE /* Pods_CompletionProject.framework */; };
/* End PBXBuildFile section */

/* Begin PBXFileReference section */
		0F2118272201CD720015245D /* CompletionProject.app */ = {isa = PBXFileReference; explicitFileType = wrapper.application; includeInIndex = 0; path = CompletionProject.app; sourceTree = BUILT_PRODUCTS_DIR; };
		0F21182A2201CD720015245D /* AppDelegate.swift */ = {isa = PBXFileReference; lastKnownFileType = sourcecode.swift; path = AppDelegate.swift; sourceTree = "<group>"; };
		0F21182C2201CD720015245D /* ViewController.swift */ = {isa = PBXFileReference; lastKnownFileType = sourcecode.swift; path = ViewController.swift; sourceTree = "<group>"; };
		0F21182F2201CD720015245D /* Base */ = {isa = PBXFileReference; lastKnownFileType = file.storyboard; name = Base; path = Base.lproj/Main.storyboard; sourceTree = "<group>"; };
		0F2118312201CD760015245D /* Assets.xcassets */ = {isa = PBXFileReference; lastKnownFileType = folder.assetcatalog; path = Assets.xcassets; sourceTree = "<group>"; };
		0F2118342201CD760015245D /* Base */ = {isa = PBXFileReference; lastKnownFileType = file.storyboard; name = Base; path = Base.lproj/LaunchScreen.storyboard; sourceTree = "<group>"; };
		0F2118362201CD760015245D /* Info.plist */ = {isa = PBXFileReference; lastKnownFileType = text.plist.xml; path = Info.plist; sourceTree = "<group>"; };
		0F28002622086EC5009D8EAB /* GoogleService-Info.plist */ = {isa = PBXFileReference; fileEncoding = 4; lastKnownFileType = text.plist.xml; path = "GoogleService-Info.plist"; sourceTree = "<group>"; };
		0F9B5F292208728700444DA2 /* FIRDataObject.swift */ = {isa = PBXFileReference; fileEncoding = 4; lastKnownFileType = sourcecode.swift; path = FIRDataObject.swift; sourceTree = "<group>"; };
		0F9B5F2A2208728700444DA2 /* AppInfo.swift */ = {isa = PBXFileReference; fileEncoding = 4; lastKnownFileType = sourcecode.swift; path = AppInfo.swift; sourceTree = "<group>"; };
		0F9B5F302208734D00444DA2 /* UIImageView+download.swift */ = {isa = PBXFileReference; lastKnownFileType = sourcecode.swift; path = "UIImageView+download.swift"; sourceTree = "<group>"; };
		0F9B5F3222087AE100444DA2 /* AppTableViewCell.swift */ = {isa = PBXFileReference; lastKnownFileType = sourcecode.swift; path = AppTableViewCell.swift; sourceTree = "<group>"; };
		5C4233610BB646A797D0DD88 /* Pods-CompletionProject.debug.xcconfig */ = {isa = PBXFileReference; includeInIndex = 1; lastKnownFileType = text.xcconfig; name = "Pods-CompletionProject.debug.xcconfig"; path = "Pods/Target Support Files/Pods-CompletionProject/Pods-CompletionProject.debug.xcconfig"; sourceTree = "<group>"; };
		5CC8B69B180A162E1F45BDBE /* Pods_CompletionProject.framework */ = {isa = PBXFileReference; explicitFileType = wrapper.framework; includeInIndex = 0; path = Pods_CompletionProject.framework; sourceTree = BUILT_PRODUCTS_DIR; };
		69E92B59C433D960DBBFA342 /* Pods-CompletionProject.release.xcconfig */ = {isa = PBXFileReference; includeInIndex = 1; lastKnownFileType = text.xcconfig; name = "Pods-CompletionProject.release.xcconfig"; path = "Pods/Target Support Files/Pods-CompletionProject/Pods-CompletionProject.release.xcconfig"; sourceTree = "<group>"; };
/* End PBXFileReference section */

/* Begin PBXFrameworksBuildPhase section */
		0F2118242201CD720015245D /* Frameworks */ = {
			isa = PBXFrameworksBuildPhase;
			buildActionMask = 2147483647;
			files = (
				25C8D86BC9FD8350248EE128 /* Pods_CompletionProject.framework in Frameworks */,
			);
			runOnlyForDeploymentPostprocessing = 0;
		};
/* End PBXFrameworksBuildPhase section */

/* Begin PBXGroup section */
		0BC1C9A1DD3FEB507A5166FF /* Pods */ = {
			isa = PBXGroup;
			children = (
				5C4233610BB646A797D0DD88 /* Pods-CompletionProject.debug.xcconfig */,
				69E92B59C433D960DBBFA342 /* Pods-CompletionProject.release.xcconfig */,
			);
			name = Pods;
			sourceTree = "<group>";
		};
		0F21181E2201CD720015245D = {
			isa = PBXGroup;
			children = (
				0F2118292201CD720015245D /* CompletionProject */,
				0F2118282201CD720015245D /* Products */,
				0BC1C9A1DD3FEB507A5166FF /* Pods */,
				B20920ADCD03181EAF7F136D /* Frameworks */,
			);
			sourceTree = "<group>";
		};
		0F2118282201CD720015245D /* Products */ = {
			isa = PBXGroup;
			children = (
				0F2118272201CD720015245D /* CompletionProject.app */,
			);
			name = Products;
			sourceTree = "<group>";
		};
		0F2118292201CD720015245D /* CompletionProject */ = {
			isa = PBXGroup;
			children = (
				0F9B5F2D220872F700444DA2 /* Helpers */,
				0F21183E2201D0650015245D /* Model */,
				0F21183C2201D0440015245D /* View */,
				0F21183D2201D0540015245D /* Controller */,
				0F21182A2201CD720015245D /* AppDelegate.swift */,
				0F28002622086EC5009D8EAB /* GoogleService-Info.plist */,
				0F2118312201CD760015245D /* Assets.xcassets */,
				0F2118362201CD760015245D /* Info.plist */,
			);
			path = CompletionProject;
			sourceTree = "<group>";
		};
		0F21183C2201D0440015245D /* View */ = {
			isa = PBXGroup;
			children = (
				0F21182E2201CD720015245D /* Main.storyboard */,
				0F2118332201CD760015245D /* LaunchScreen.storyboard */,
			);
			path = View;
			sourceTree = "<group>";
		};
		0F21183D2201D0540015245D /* Controller */ = {
			isa = PBXGroup;
			children = (
				0F21182C2201CD720015245D /* ViewController.swift */,
				0F9B5F3222087AE100444DA2 /* AppTableViewCell.swift */,
			);
			path = Controller;
			sourceTree = "<group>";
		};
		0F21183E2201D0650015245D /* Model */ = {
			isa = PBXGroup;
			children = (
				0F9B5F2A2208728700444DA2 /* AppInfo.swift */,
				0F9B5F292208728700444DA2 /* FIRDataObject.swift */,
			);
			path = Model;
			sourceTree = "<group>";
		};
		0F9B5F2D220872F700444DA2 /* Helpers */ = {
			isa = PBXGroup;
			children = (
				0F9B5F302208734D00444DA2 /* UIImageView+download.swift */,
			);
			path = Helpers;
			sourceTree = "<group>";
		};
		B20920ADCD03181EAF7F136D /* Frameworks */ = {
			isa = PBXGroup;
			children = (
				5CC8B69B180A162E1F45BDBE /* Pods_CompletionProject.framework */,
			);
			name = Frameworks;
			sourceTree = "<group>";
		};
/* End PBXGroup section */

/* Begin PBXNativeTarget section */
		0F2118262201CD720015245D /* CompletionProject */ = {
			isa = PBXNativeTarget;
			buildConfigurationList = 0F2118392201CD760015245D /* Build configuration list for PBXNativeTarget "CompletionProject" */;
			buildPhases = (
				7C3E073F2AE856215FF0B58C /* [CP] Check Pods Manifest.lock */,
				0F2118232201CD720015245D /* Sources */,
				0F2118242201CD720015245D /* Frameworks */,
				0F2118252201CD720015245D /* Resources */,
				68C1AEEC42BDE569141BA920 /* [CP] Embed Pods Frameworks */,
			);
			buildRules = (
			);
			dependencies = (
			);
			name = CompletionProject;
			productName = CompletionProject;
			productReference = 0F2118272201CD720015245D /* CompletionProject.app */;
			productType = "com.apple.product-type.application";
		};
/* End PBXNativeTarget section */

/* Begin PBXProject section */
		0F21181F2201CD720015245D /* Project object */ = {
			isa = PBXProject;
			attributes = {
				LastSwiftUpdateCheck = 1010;
				LastUpgradeCheck = 1010;
				ORGANIZATIONNAME = "Jean Carlos Antonio Pereira dos Santos";
				TargetAttributes = {
					0F2118262201CD720015245D = {
						CreatedOnToolsVersion = 10.1;
					};
				};
			};
			buildConfigurationList = 0F2118222201CD720015245D /* Build configuration list for PBXProject "CompletionProject" */;
			compatibilityVersion = "Xcode 9.3";
			developmentRegion = en;
			hasScannedForEncodings = 0;
			knownRegions = (
				en,
				Base,
			);
			mainGroup = 0F21181E2201CD720015245D;
			productRefGroup = 0F2118282201CD720015245D /* Products */;
			projectDirPath = "";
			projectRoot = "";
			targets = (
				0F2118262201CD720015245D /* CompletionProject */,
			);
		};
/* End PBXProject section */

/* Begin PBXResourcesBuildPhase section */
		0F2118252201CD720015245D /* Resources */ = {
			isa = PBXResourcesBuildPhase;
			buildActionMask = 2147483647;
			files = (
				0F2118352201CD760015245D /* LaunchScreen.storyboard in Resources */,
				0F28002722086EC6009D8EAB /* GoogleService-Info.plist in Resources */,
				0F2118322201CD760015245D /* Assets.xcassets in Resources */,
				0F2118302201CD720015245D /* Main.storyboard in Resources */,
			);
			runOnlyForDeploymentPostprocessing = 0;
		};
/* End PBXResourcesBuildPhase section */

/* Begin PBXShellScriptBuildPhase section */
		68C1AEEC42BDE569141BA920 /* [CP] Embed Pods Frameworks */ = {
			isa = PBXShellScriptBuildPhase;
			buildActionMask = 2147483647;
			files = (
			);
			inputFileListPaths = (
			);
			inputPaths = (
				"${SRCROOT}/Pods/Target Support Files/Pods-CompletionProject/Pods-CompletionProject-frameworks.sh",
				"${BUILT_PRODUCTS_DIR}/GoogleUtilities/GoogleUtilities.framework",
				"${BUILT_PRODUCTS_DIR}/leveldb-library/leveldb.framework",
				"${BUILT_PRODUCTS_DIR}/nanopb/nanopb.framework",
			);
			name = "[CP] Embed Pods Frameworks";
			outputFileListPaths = (
			);
			outputPaths = (
				"${TARGET_BUILD_DIR}/${FRAMEWORKS_FOLDER_PATH}/GoogleUtilities.framework",
				"${TARGET_BUILD_DIR}/${FRAMEWORKS_FOLDER_PATH}/leveldb.framework",
				"${TARGET_BUILD_DIR}/${FRAMEWORKS_FOLDER_PATH}/nanopb.framework",
			);
			runOnlyForDeploymentPostprocessing = 0;
			shellPath = /bin/sh;
			shellScript = "\"${SRCROOT}/Pods/Target Support Files/Pods-CompletionProject/Pods-CompletionProject-frameworks.sh\"\n";
			showEnvVarsInLog = 0;
		};
		7C3E073F2AE856215FF0B58C /* [CP] Check Pods Manifest.lock */ = {
			isa = PBXShellScriptBuildPhase;
			buildActionMask = 2147483647;
			files = (
			);
			inputFileListPaths = (
			);
			inputPaths = (
				"${PODS_PODFILE_DIR_PATH}/Podfile.lock",
				"${PODS_ROOT}/Manifest.lock",
			);
			name = "[CP] Check Pods Manifest.lock";
			outputFileListPaths = (
			);
			outputPaths = (
				"$(DERIVED_FILE_DIR)/Pods-CompletionProject-checkManifestLockResult.txt",
			);
			runOnlyForDeploymentPostprocessing = 0;
			shellPath = /bin/sh;
			shellScript = "diff \"${PODS_PODFILE_DIR_PATH}/Podfile.lock\" \"${PODS_ROOT}/Manifest.lock\" > /dev/null\nif [ $? != 0 ] ; then\n    # print error to STDERR\n    echo \"error: The sandbox is not in sync with the Podfile.lock. Run 'pod install' or update your CocoaPods installation.\" >&2\n    exit 1\nfi\n# This output is used by Xcode 'outputs' to avoid re-running this script phase.\necho \"SUCCESS\" > \"${SCRIPT_OUTPUT_FILE_0}\"\n";
			showEnvVarsInLog = 0;
		};
/* End PBXShellScriptBuildPhase section */

/* Begin PBXSourcesBuildPhase section */
		0F2118232201CD720015245D /* Sources */ = {
			isa = PBXSourcesBuildPhase;
			buildActionMask = 2147483647;
			files = (
				0F21182D2201CD720015245D /* ViewController.swift in Sources */,
				0F9B5F2C2208728700444DA2 /* AppInfo.swift in Sources */,
				0F9B5F2B2208728700444DA2 /* FIRDataObject.swift in Sources */,
				0F9B5F312208734D00444DA2 /* UIImageView+download.swift in Sources */,
				0F21182B2201CD720015245D /* AppDelegate.swift in Sources */,
				0F9B5F3322087AE100444DA2 /* AppTableViewCell.swift in Sources */,
			);
			runOnlyForDeploymentPostprocessing = 0;
		};
/* End PBXSourcesBuildPhase section */

/* Begin PBXVariantGroup section */
		0F21182E2201CD720015245D /* Main.storyboard */ = {
			isa = PBXVariantGroup;
			children = (
				0F21182F2201CD720015245D /* Base */,
			);
			name = Main.storyboard;
			sourceTree = "<group>";
		};
		0F2118332201CD760015245D /* LaunchScreen.storyboard */ = {
			isa = PBXVariantGroup;
			children = (
				0F2118342201CD760015245D /* Base */,
			);
			name = LaunchScreen.storyboard;
			sourceTree = "<group>";
		};
/* End PBXVariantGroup section */

/* Begin XCBuildConfiguration section */
		0F2118372201CD760015245D /* Debug */ = {
			isa = XCBuildConfiguration;
			buildSettings = {
				ALWAYS_SEARCH_USER_PATHS = NO;
				CLANG_ANALYZER_NONNULL = YES;
				CLANG_ANALYZER_NUMBER_OBJECT_CONVERSION = YES_AGGRESSIVE;
				CLANG_CXX_LANGUAGE_STANDARD = "gnu++14";
				CLANG_CXX_LIBRARY = "libc++";
				CLANG_ENABLE_MODULES = YES;
				CLANG_ENABLE_OBJC_ARC = YES;
				CLANG_ENABLE_OBJC_WEAK = YES;
				CLANG_WARN_BLOCK_CAPTURE_AUTORELEASING = YES;
				CLANG_WARN_BOOL_CONVERSION = YES;
				CLANG_WARN_COMMA = YES;
				CLANG_WARN_CONSTANT_CONVERSION = YES;
				CLANG_WARN_DEPRECATED_OBJC_IMPLEMENTATIONS = YES;
				CLANG_WARN_DIRECT_OBJC_ISA_USAGE = YES_ERROR;
				CLANG_WARN_DOCUMENTATION_COMMENTS = YES;
				CLANG_WARN_EMPTY_BODY = YES;
				CLANG_WARN_ENUM_CONVERSION = YES;
				CLANG_WARN_INFINITE_RECURSION = YES;
				CLANG_WARN_INT_CONVERSION = YES;
				CLANG_WARN_NON_LITERAL_NULL_CONVERSION = YES;
				CLANG_WARN_OBJC_IMPLICIT_RETAIN_SELF = YES;
				CLANG_WARN_OBJC_LITERAL_CONVERSION = YES;
				CLANG_WARN_OBJC_ROOT_CLASS = YES_ERROR;
				CLANG_WARN_RANGE_LOOP_ANALYSIS = YES;
				CLANG_WARN_STRICT_PROTOTYPES = YES;
				CLANG_WARN_SUSPICIOUS_MOVE = YES;
				CLANG_WARN_UNGUARDED_AVAILABILITY = YES_AGGRESSIVE;
				CLANG_WARN_UNREACHABLE_CODE = YES;
				CLANG_WARN__DUPLICATE_METHOD_MATCH = YES;
				CODE_SIGN_IDENTITY = "iPhone Developer";
				COPY_PHASE_STRIP = NO;
				DEBUG_INFORMATION_FORMAT = dwarf;
				ENABLE_STRICT_OBJC_MSGSEND = YES;
				ENABLE_TESTABILITY = YES;
				GCC_C_LANGUAGE_STANDARD = gnu11;
				GCC_DYNAMIC_NO_PIC = NO;
				GCC_NO_COMMON_BLOCKS = YES;
				GCC_OPTIMIZATION_LEVEL = 0;
				GCC_PREPROCESSOR_DEFINITIONS = (
					"DEBUG=1",
					"$(inherited)",
				);
				GCC_WARN_64_TO_32_BIT_CONVERSION = YES;
				GCC_WARN_ABOUT_RETURN_TYPE = YES_ERROR;
				GCC_WARN_UNDECLARED_SELECTOR = YES;
				GCC_WARN_UNINITIALIZED_AUTOS = YES_AGGRESSIVE;
				GCC_WARN_UNUSED_FUNCTION = YES;
				GCC_WARN_UNUSED_VARIABLE = YES;
				IPHONEOS_DEPLOYMENT_TARGET = 12.1;
				MTL_ENABLE_DEBUG_INFO = INCLUDE_SOURCE;
				MTL_FAST_MATH = YES;
				ONLY_ACTIVE_ARCH = YES;
				SDKROOT = iphoneos;
				SWIFT_ACTIVE_COMPILATION_CONDITIONS = DEBUG;
				SWIFT_OPTIMIZATION_LEVEL = "-Onone";
			};
			name = Debug;
		};
		0F2118382201CD760015245D /* Release */ = {
			isa = XCBuildConfiguration;
			buildSettings = {
				ALWAYS_SEARCH_USER_PATHS = NO;
				CLANG_ANALYZER_NONNULL = YES;
				CLANG_ANALYZER_NUMBER_OBJECT_CONVERSION = YES_AGGRESSIVE;
				CLANG_CXX_LANGUAGE_STANDARD = "gnu++14";
				CLANG_CXX_LIBRARY = "libc++";
				CLANG_ENABLE_MODULES = YES;
				CLANG_ENABLE_OBJC_ARC = YES;
				CLANG_ENABLE_OBJC_WEAK = YES;
				CLANG_WARN_BLOCK_CAPTURE_AUTORELEASING = YES;
				CLANG_WARN_BOOL_CONVERSION = YES;
				CLANG_WARN_COMMA = YES;
				CLANG_WARN_CONSTANT_CONVERSION = YES;
				CLANG_WARN_DEPRECATED_OBJC_IMPLEMENTATIONS = YES;
				CLANG_WARN_DIRECT_OBJC_ISA_USAGE = YES_ERROR;
				CLANG_WARN_DOCUMENTATION_COMMENTS = YES;
				CLANG_WARN_EMPTY_BODY = YES;
				CLANG_WARN_ENUM_CONVERSION = YES;
				CLANG_WARN_INFINITE_RECURSION = YES;
				CLANG_WARN_INT_CONVERSION = YES;
				CLANG_WARN_NON_LITERAL_NULL_CONVERSION = YES;
				CLANG_WARN_OBJC_IMPLICIT_RETAIN_SELF = YES;
				CLANG_WARN_OBJC_LITERAL_CONVERSION = YES;
				CLANG_WARN_OBJC_ROOT_CLASS = YES_ERROR;
				CLANG_WARN_RANGE_LOOP_ANALYSIS = YES;
				CLANG_WARN_STRICT_PROTOTYPES = YES;
				CLANG_WARN_SUSPICIOUS_MOVE = YES;
				CLANG_WARN_UNGUARDED_AVAILABILITY = YES_AGGRESSIVE;
				CLANG_WARN_UNREACHABLE_CODE = YES;
				CLANG_WARN__DUPLICATE_METHOD_MATCH = YES;
				CODE_SIGN_IDENTITY = "iPhone Developer";
				COPY_PHASE_STRIP = NO;
				DEBUG_INFORMATION_FORMAT = "dwarf-with-dsym";
				ENABLE_NS_ASSERTIONS = NO;
				ENABLE_STRICT_OBJC_MSGSEND = YES;
				GCC_C_LANGUAGE_STANDARD = gnu11;
				GCC_NO_COMMON_BLOCKS = YES;
				GCC_WARN_64_TO_32_BIT_CONVERSION = YES;
				GCC_WARN_ABOUT_RETURN_TYPE = YES_ERROR;
				GCC_WARN_UNDECLARED_SELECTOR = YES;
				GCC_WARN_UNINITIALIZED_AUTOS = YES_AGGRESSIVE;
				GCC_WARN_UNUSED_FUNCTION = YES;
				GCC_WARN_UNUSED_VARIABLE = YES;
				IPHONEOS_DEPLOYMENT_TARGET = 12.1;
				MTL_ENABLE_DEBUG_INFO = NO;
				MTL_FAST_MATH = YES;
				SDKROOT = iphoneos;
				SWIFT_COMPILATION_MODE = wholemodule;
				SWIFT_OPTIMIZATION_LEVEL = "-O";
				VALIDATE_PRODUCT = YES;
			};
			name = Release;
		};
		0F21183A2201CD760015245D /* Debug */ = {
			isa = XCBuildConfiguration;
			baseConfigurationReference = 5C4233610BB646A797D0DD88 /* Pods-CompletionProject.debug.xcconfig */;
			buildSettings = {
				ASSETCATALOG_COMPILER_APPICON_NAME = AppIcon;
				CODE_SIGN_STYLE = Automatic;
				DEVELOPMENT_TEAM = 22GD85QNU8;
				INFOPLIST_FILE = CompletionProject/Info.plist;
				LD_RUNPATH_SEARCH_PATHS = (
					"$(inherited)",
					"@executable_path/Frameworks",
				);
				PRODUCT_BUNDLE_IDENTIFIER = com.jeancarlosaps.CompletionProject;
				PRODUCT_NAME = "$(TARGET_NAME)";
				SWIFT_VERSION = 4.2;
				TARGETED_DEVICE_FAMILY = "1,2";
			};
			name = Debug;
		};
		0F21183B2201CD760015245D /* Release */ = {
			isa = XCBuildConfiguration;
			baseConfigurationReference = 69E92B59C433D960DBBFA342 /* Pods-CompletionProject.release.xcconfig */;
			buildSettings = {
				ASSETCATALOG_COMPILER_APPICON_NAME = AppIcon;
				CODE_SIGN_STYLE = Automatic;
				DEVELOPMENT_TEAM = 22GD85QNU8;
				INFOPLIST_FILE = CompletionProject/Info.plist;
				LD_RUNPATH_SEARCH_PATHS = (
					"$(inherited)",
					"@executable_path/Frameworks",
				);
				PRODUCT_BUNDLE_IDENTIFIER = com.jeancarlosaps.CompletionProject;
				PRODUCT_NAME = "$(TARGET_NAME)";
				SWIFT_VERSION = 4.2;
				TARGETED_DEVICE_FAMILY = "1,2";
			};
			name = Release;
		};
/* End XCBuildConfiguration section */

/* Begin XCConfigurationList section */
		0F2118222201CD720015245D /* Build configuration list for PBXProject "CompletionProject" */ = {
			isa = XCConfigurationList;
			buildConfigurations = (
				0F2118372201CD760015245D /* Debug */,
				0F2118382201CD760015245D /* Release */,
			);
			defaultConfigurationIsVisible = 0;
			defaultConfigurationName = Release;
		};
		0F2118392201CD760015245D /* Build configuration list for PBXNativeTarget "CompletionProject" */ = {
			isa = XCConfigurationList;
			buildConfigurations = (
				0F21183A2201CD760015245D /* Debug */,
				0F21183B2201CD760015245D /* Release */,
			);
			defaultConfigurationIsVisible = 0;
			defaultConfigurationName = Release;
		};
/* End XCConfigurationList section */
	};
	rootObject = 0F21181F2201CD720015245D /* Project object */;
}
